Microsoft Visual Studio Solution File, Format Version 12.00
Project("{c5399e6b-f3d3-48cc-b893-0722a65288ca}") = "iaProcessLogAnalyzer", "..\packages\iaProcessLogAnalyzer\Files\iaProcessLogAnalyzer.csproj", "{3d40b78f-9a8c-47cf-a592-d1194ee99e02}"
EndProject
Global
	GlobalSection(SolutionConfigurationPlatforms) = preSolution
		Debug|Any CPU = Debug|Any CPU
		Release|Any CPU = Release|Any CPU
	EndGlobalSection
	GlobalSection(ProjectConfigurationPlatforms) = postSolution
			{3d40b78f-9a8c-47cf-a592-d1194ee99e02}.Debug|Any CPU.ActiveCfg = Debug|Any CPU
			{3d40b78f-9a8c-47cf-a592-d1194ee99e02}.Debug|Any CPU.Build.0 = Debug|Any CPU
			{3d40b78f-9a8c-47cf-a592-d1194ee99e02}.Release|Any CPU.ActiveCfg = Release|Any CPU
			{3d40b78f-9a8c-47cf-a592-d1194ee99e02}.Release|Any CPU.Build.0 = Release|Any CPU
	EndGlobalSection
EndGlobal
