Microsoft Visual Studio Solution File, Format Version 12.00
Project("{5a3869f0-179e-4026-90e9-73f84e256d88}") = "iaProcessLogAnalyzer", "..\packages\iaProcessLogAnalyzer\Files\iaProcessLogAnalyzer.csproj", "{adc6cd5d-5244-40e0-bf1e-7dc27f24dbe0}"
EndProject
Global
	GlobalSection(SolutionConfigurationPlatforms) = preSolution
		Debug|Any CPU = Debug|Any CPU
		Release|Any CPU = Release|Any CPU
	EndGlobalSection
	GlobalSection(ProjectConfigurationPlatforms) = postSolution
			{adc6cd5d-5244-40e0-bf1e-7dc27f24dbe0}.Debug|Any CPU.ActiveCfg = Debug|Any CPU
			{adc6cd5d-5244-40e0-bf1e-7dc27f24dbe0}.Debug|Any CPU.Build.0 = Debug|Any CPU
			{adc6cd5d-5244-40e0-bf1e-7dc27f24dbe0}.Release|Any CPU.ActiveCfg = Release|Any CPU
			{adc6cd5d-5244-40e0-bf1e-7dc27f24dbe0}.Release|Any CPU.Build.0 = Release|Any CPU
	EndGlobalSection
EndGlobal
