Microsoft Visual Studio Solution File, Format Version 12.00
Project("{170371db-c904-4463-bae0-83f18b26f48f}") = "iaProcessLogAnalyzer", "..\packages\iaProcessLogAnalyzer\Files\iaProcessLogAnalyzer.csproj", "{8a69bf99-56c8-4164-9136-ac4b26f13c2b}"
EndProject
Global
	GlobalSection(SolutionConfigurationPlatforms) = preSolution
		Debug|Any CPU = Debug|Any CPU
		Release|Any CPU = Release|Any CPU
	EndGlobalSection
	GlobalSection(ProjectConfigurationPlatforms) = postSolution
			{8a69bf99-56c8-4164-9136-ac4b26f13c2b}.Debug|Any CPU.ActiveCfg = Debug|Any CPU
			{8a69bf99-56c8-4164-9136-ac4b26f13c2b}.Debug|Any CPU.Build.0 = Debug|Any CPU
			{8a69bf99-56c8-4164-9136-ac4b26f13c2b}.Release|Any CPU.ActiveCfg = Release|Any CPU
			{8a69bf99-56c8-4164-9136-ac4b26f13c2b}.Release|Any CPU.Build.0 = Release|Any CPU
	EndGlobalSection
EndGlobal
